// !$*UTF8*$!
{
	archiveVersion = 1;
	classes = {
	};
	objectVersion = 55;
	objects = {

/* Begin PBXBuildFile section */
		F64947AF271CF811007563A6 /* TabbarStoryboard.storyboard in Resources */ = {isa = PBXBuildFile; fileRef = F64947AE271CF810007563A6 /* TabbarStoryboard.storyboard */; };
		F6A431152719C5CB00895A68 /* AppDelegate.swift in Sources */ = {isa = PBXBuildFile; fileRef = F6A431142719C5CB00895A68 /* AppDelegate.swift */; };
		F6A431172719C5CB00895A68 /* SceneDelegate.swift in Sources */ = {isa = PBXBuildFile; fileRef = F6A431162719C5CB00895A68 /* SceneDelegate.swift */; };
		F6A431192719C5CB00895A68 /* ViewController.swift in Sources */ = {isa = PBXBuildFile; fileRef = F6A431182719C5CB00895A68 /* ViewController.swift */; };
		F6A4311C2719C5CB00895A68 /* Main.storyboard in Resources */ = {isa = PBXBuildFile; fileRef = F6A4311A2719C5CB00895A68 /* Main.storyboard */; };
		F6A4311E2719C5CD00895A68 /* Assets.xcassets in Resources */ = {isa = PBXBuildFile; fileRef = F6A4311D2719C5CD00895A68 /* Assets.xcassets */; };
		F6A431212719C5CD00895A68 /* LaunchScreen.storyboard in Resources */ = {isa = PBXBuildFile; fileRef = F6A4311F2719C5CD00895A68 /* LaunchScreen.storyboard */; };
		F6A4312B2719CAAD00895A68 /* SignInViewController.swift in Sources */ = {isa = PBXBuildFile; fileRef = F6A4312A2719CAAD00895A68 /* SignInViewController.swift */; };
		F6A4312D2719CABE00895A68 /* SignUpViewController.swift in Sources */ = {isa = PBXBuildFile; fileRef = F6A4312C2719CABE00895A68 /* SignUpViewController.swift */; };
		F6A4312F2719CAC400895A68 /* ResultViewController.swift in Sources */ = {isa = PBXBuildFile; fileRef = F6A4312E2719CAC400895A68 /* ResultViewController.swift */; };
		F6D62BD0271D2266003DEB38 /* HomeTab.storyboard in Resources */ = {isa = PBXBuildFile; fileRef = F6D62BCF271D2266003DEB38 /* HomeTab.storyboard */; };
		F6D62BD2271D2277003DEB38 /* ShortsTab.storyboard in Resources */ = {isa = PBXBuildFile; fileRef = F6D62BD1271D2277003DEB38 /* ShortsTab.storyboard */; };
		F6D62BD4271D2284003DEB38 /* AddTab.storyboard in Resources */ = {isa = PBXBuildFile; fileRef = F6D62BD3271D2284003DEB38 /* AddTab.storyboard */; };
		F6D62BD6271D2291003DEB38 /* SubscribeTab.storyboard in Resources */ = {isa = PBXBuildFile; fileRef = F6D62BD5271D2291003DEB38 /* SubscribeTab.storyboard */; };
		F6D62BD8271D2299003DEB38 /* LibTab.storyboard in Resources */ = {isa = PBXBuildFile; fileRef = F6D62BD7271D2299003DEB38 /* LibTab.storyboard */; };
		F6D62BDA271D249B003DEB38 /* TabbarController.swift in Sources */ = {isa = PBXBuildFile; fileRef = F6D62BD9271D249B003DEB38 /* TabbarController.swift */; };
/* End PBXBuildFile section */

/* Begin PBXFileReference section */
		F64947AE271CF810007563A6 /* TabbarStoryboard.storyboard */ = {isa = PBXFileReference; lastKnownFileType = file.storyboard; path = TabbarStoryboard.storyboard; sourceTree = "<group>"; };
		F6A431112719C5CB00895A68 /* seminar-homework-1.app */ = {isa = PBXFileReference; explicitFileType = wrapper.application; includeInIndex = 0; path = "seminar-homework-1.app"; sourceTree = BUILT_PRODUCTS_DIR; };
		F6A431142719C5CB00895A68 /* AppDelegate.swift */ = {isa = PBXFileReference; lastKnownFileType = sourcecode.swift; path = AppDelegate.swift; sourceTree = "<group>"; };
		F6A431162719C5CB00895A68 /* SceneDelegate.swift */ = {isa = PBXFileReference; lastKnownFileType = sourcecode.swift; path = SceneDelegate.swift; sourceTree = "<group>"; };
		F6A431182719C5CB00895A68 /* ViewController.swift */ = {isa = PBXFileReference; lastKnownFileType = sourcecode.swift; path = ViewController.swift; sourceTree = "<group>"; };
		F6A4311B2719C5CB00895A68 /* Base */ = {isa = PBXFileReference; lastKnownFileType = file.storyboard; name = Base; path = Base.lproj/Main.storyboard; sourceTree = "<group>"; };
		F6A4311D2719C5CD00895A68 /* Assets.xcassets */ = {isa = PBXFileReference; lastKnownFileType = folder.assetcatalog; path = Assets.xcassets; sourceTree = "<group>"; };
		F6A431202719C5CD00895A68 /* Base */ = {isa = PBXFileReference; lastKnownFileType = file.storyboard; name = Base; path = Base.lproj/LaunchScreen.storyboard; sourceTree = "<group>"; };
		F6A431222719C5CD00895A68 /* Info.plist */ = {isa = PBXFileReference; lastKnownFileType = text.plist.xml; path = Info.plist; sourceTree = "<group>"; };
		F6A4312A2719CAAD00895A68 /* SignInViewController.swift */ = {isa = PBXFileReference; lastKnownFileType = sourcecode.swift; path = SignInViewController.swift; sourceTree = "<group>"; };
		F6A4312C2719CABE00895A68 /* SignUpViewController.swift */ = {isa = PBXFileReference; lastKnownFileType = sourcecode.swift; path = SignUpViewController.swift; sourceTree = "<group>"; };
		F6A4312E2719CAC400895A68 /* ResultViewController.swift */ = {isa = PBXFileReference; lastKnownFileType = sourcecode.swift; path = ResultViewController.swift; sourceTree = "<group>"; };
		F6D62BCF271D2266003DEB38 /* HomeTab.storyboard */ = {isa = PBXFileReference; lastKnownFileType = file.storyboard; path = HomeTab.storyboard; sourceTree = "<group>"; };
		F6D62BD1271D2277003DEB38 /* ShortsTab.storyboard */ = {isa = PBXFileReference; lastKnownFileType = file.storyboard; path = ShortsTab.storyboard; sourceTree = "<group>"; };
		F6D62BD3271D2284003DEB38 /* AddTab.storyboard */ = {isa = PBXFileReference; lastKnownFileType = file.storyboard; path = AddTab.storyboard; sourceTree = "<group>"; };
		F6D62BD5271D2291003DEB38 /* SubscribeTab.storyboard */ = {isa = PBXFileReference; lastKnownFileType = file.storyboard; path = SubscribeTab.storyboard; sourceTree = "<group>"; };
		F6D62BD7271D2299003DEB38 /* LibTab.storyboard */ = {isa = PBXFileReference; lastKnownFileType = file.storyboard; path = LibTab.storyboard; sourceTree = "<group>"; };
		F6D62BD9271D249B003DEB38 /* TabbarController.swift */ = {isa = PBXFileReference; lastKnownFileType = sourcecode.swift; path = TabbarController.swift; sourceTree = "<group>"; };
/* End PBXFileReference section */

/* Begin PBXFrameworksBuildPhase section */
		F6A4310E2719C5CB00895A68 /* Frameworks */ = {
			isa = PBXFrameworksBuildPhase;
			buildActionMask = 2147483647;
			files = (
			);
			runOnlyForDeploymentPostprocessing = 0;
		};
/* End PBXFrameworksBuildPhase section */

/* Begin PBXGroup section */
		F6A431082719C5CB00895A68 = {
			isa = PBXGroup;
			children = (
				F6A431132719C5CB00895A68 /* seminar-homework-1 */,
				F6A431122719C5CB00895A68 /* Products */,
			);
			sourceTree = "<group>";
		};
		F6A431122719C5CB00895A68 /* Products */ = {
			isa = PBXGroup;
			children = (
				F6A431112719C5CB00895A68 /* seminar-homework-1.app */,
			);
			name = Products;
			sourceTree = "<group>";
		};
		F6A431132719C5CB00895A68 /* seminar-homework-1 */ = {
			isa = PBXGroup;
			children = (
				F6A431142719C5CB00895A68 /* AppDelegate.swift */,
				F6A431162719C5CB00895A68 /* SceneDelegate.swift */,
				F6A431182719C5CB00895A68 /* ViewController.swift */,
				F6A4311A2719C5CB00895A68 /* Main.storyboard */,
				F6A4312A2719CAAD00895A68 /* SignInViewController.swift */,
				F6A4312C2719CABE00895A68 /* SignUpViewController.swift */,
				F6A4312E2719CAC400895A68 /* ResultViewController.swift */,
				F64947AE271CF810007563A6 /* TabbarStoryboard.storyboard */,
				F6D62BCF271D2266003DEB38 /* HomeTab.storyboard */,
				F6D62BD9271D249B003DEB38 /* TabbarController.swift */,
				F6D62BD1271D2277003DEB38 /* ShortsTab.storyboard */,
				F6D62BD3271D2284003DEB38 /* AddTab.storyboard */,
				F6D62BD5271D2291003DEB38 /* SubscribeTab.storyboard */,
				F6D62BD7271D2299003DEB38 /* LibTab.storyboard */,
				F6A4311D2719C5CD00895A68 /* Assets.xcassets */,
				F6A4311F2719C5CD00895A68 /* LaunchScreen.storyboard */,
				F6A431222719C5CD00895A68 /* Info.plist */,
			);
			path = "seminar-homework-1";
			sourceTree = "<group>";
		};
/* End PBXGroup section */

/* Begin PBXNativeTarget section */
		F6A431102719C5CB00895A68 /* seminar-homework-1 */ = {
			isa = PBXNativeTarget;
			buildConfigurationList = F6A431252719C5CD00895A68 /* Build configuration list for PBXNativeTarget "seminar-homework-1" */;
			buildPhases = (
				F6A4310D2719C5CB00895A68 /* Sources */,
				F6A4310E2719C5CB00895A68 /* Frameworks */,
				F6A4310F2719C5CB00895A68 /* Resources */,
			);
			buildRules = (
			);
			dependencies = (
			);
			name = "seminar-homework-1";
			productName = "seminar-homework-1";
			productReference = F6A431112719C5CB00895A68 /* seminar-homework-1.app */;
			productType = "com.apple.product-type.application";
		};
/* End PBXNativeTarget section */

/* Begin PBXProject section */
		F6A431092719C5CB00895A68 /* Project object */ = {
			isa = PBXProject;
			attributes = {
				BuildIndependentTargetsInParallel = 1;
				LastSwiftUpdateCheck = 1300;
				LastUpgradeCheck = 1300;
				TargetAttributes = {
					F6A431102719C5CB00895A68 = {
						CreatedOnToolsVersion = 13.0;
					};
				};
			};
			buildConfigurationList = F6A4310C2719C5CB00895A68 /* Build configuration list for PBXProject "seminar-homework-1" */;
			compatibilityVersion = "Xcode 13.0";
			developmentRegion = en;
			hasScannedForEncodings = 0;
			knownRegions = (
				en,
				Base,
			);
			mainGroup = F6A431082719C5CB00895A68;
			productRefGroup = F6A431122719C5CB00895A68 /* Products */;
			projectDirPath = "";
			projectRoot = "";
			targets = (
				F6A431102719C5CB00895A68 /* seminar-homework-1 */,
			);
		};
/* End PBXProject section */

/* Begin PBXResourcesBuildPhase section */
		F6A4310F2719C5CB00895A68 /* Resources */ = {
			isa = PBXResourcesBuildPhase;
			buildActionMask = 2147483647;
			files = (
				F6A431212719C5CD00895A68 /* LaunchScreen.storyboard in Resources */,
				F6A4311E2719C5CD00895A68 /* Assets.xcassets in Resources */,
				F6D62BD8271D2299003DEB38 /* LibTab.storyboard in Resources */,
				F6D62BD0271D2266003DEB38 /* HomeTab.storyboard in Resources */,
				F6A4311C2719C5CB00895A68 /* Main.storyboard in Resources */,
				F64947AF271CF811007563A6 /* TabbarStoryboard.storyboard in Resources */,
				F6D62BD4271D2284003DEB38 /* AddTab.storyboard in Resources */,
				F6D62BD2271D2277003DEB38 /* ShortsTab.storyboard in Resources */,
				F6D62BD6271D2291003DEB38 /* SubscribeTab.storyboard in Resources */,
			);
			runOnlyForDeploymentPostprocessing = 0;
		};
/* End PBXResourcesBuildPhase section */

/* Begin PBXSourcesBuildPhase section */
		F6A4310D2719C5CB00895A68 /* Sources */ = {
			isa = PBXSourcesBuildPhase;
			buildActionMask = 2147483647;
			files = (
				F6A431192719C5CB00895A68 /* ViewController.swift in Sources */,
				F6A431152719C5CB00895A68 /* AppDelegate.swift in Sources */,
				F6A431172719C5CB00895A68 /* SceneDelegate.swift in Sources */,
				F6A4312D2719CABE00895A68 /* SignUpViewController.swift in Sources */,
				F6A4312B2719CAAD00895A68 /* SignInViewController.swift in Sources */,
				F6A4312F2719CAC400895A68 /* ResultViewController.swift in Sources */,
				F6D62BDA271D249B003DEB38 /* TabbarController.swift in Sources */,
			);
			runOnlyForDeploymentPostprocessing = 0;
		};
/* End PBXSourcesBuildPhase section */

/* Begin PBXVariantGroup section */
		F6A4311A2719C5CB00895A68 /* Main.storyboard */ = {
			isa = PBXVariantGroup;
			children = (
				F6A4311B2719C5CB00895A68 /* Base */,
			);
			name = Main.storyboard;
			sourceTree = "<group>";
		};
		F6A4311F2719C5CD00895A68 /* LaunchScreen.storyboard */ = {
			isa = PBXVariantGroup;
			children = (
				F6A431202719C5CD00895A68 /* Base */,
			);
			name = LaunchScreen.storyboard;
			sourceTree = "<group>";
		};
/* End PBXVariantGroup section */

/* Begin XCBuildConfiguration section */
		F6A431232719C5CD00895A68 /* Debug */ = {
			isa = XCBuildConfiguration;
			buildSettings = {
				ALWAYS_SEARCH_USER_PATHS = NO;
				CLANG_ANALYZER_NONNULL = YES;
				CLANG_ANALYZER_NUMBER_OBJECT_CONVERSION = YES_AGGRESSIVE;
				CLANG_CXX_LANGUAGE_STANDARD = "gnu++17";
				CLANG_CXX_LIBRARY = "libc++";
				CLANG_ENABLE_MODULES = YES;
				CLANG_ENABLE_OBJC_ARC = YES;
				CLANG_ENABLE_OBJC_WEAK = YES;
				CLANG_WARN_BLOCK_CAPTURE_AUTORELEASING = YES;
				CLANG_WARN_BOOL_CONVERSION = YES;
				CLANG_WARN_COMMA = YES;
				CLANG_WARN_CONSTANT_CONVERSION = YES;
				CLANG_WARN_DEPRECATED_OBJC_IMPLEMENTATIONS = YES;
				CLANG_WARN_DIRECT_OBJC_ISA_USAGE = YES_ERROR;
				CLANG_WARN_DOCUMENTATION_COMMENTS = YES;
				CLANG_WARN_EMPTY_BODY = YES;
				CLANG_WARN_ENUM_CONVERSION = YES;
				CLANG_WARN_INFINITE_RECURSION = YES;
				CLANG_WARN_INT_CONVERSION = YES;
				CLANG_WARN_NON_LITERAL_NULL_CONVERSION = YES;
				CLANG_WARN_OBJC_IMPLICIT_RETAIN_SELF = YES;
				CLANG_WARN_OBJC_LITERAL_CONVERSION = YES;
				CLANG_WARN_OBJC_ROOT_CLASS = YES_ERROR;
				CLANG_WARN_QUOTED_INCLUDE_IN_FRAMEWORK_HEADER = YES;
				CLANG_WARN_RANGE_LOOP_ANALYSIS = YES;
				CLANG_WARN_STRICT_PROTOTYPES = YES;
				CLANG_WARN_SUSPICIOUS_MOVE = YES;
				CLANG_WARN_UNGUARDED_AVAILABILITY = YES_AGGRESSIVE;
				CLANG_WARN_UNREACHABLE_CODE = YES;
				CLANG_WARN__DUPLICATE_METHOD_MATCH = YES;
				COPY_PHASE_STRIP = NO;
				DEBUG_INFORMATION_FORMAT = dwarf;
				ENABLE_STRICT_OBJC_MSGSEND = YES;
				ENABLE_TESTABILITY = YES;
				GCC_C_LANGUAGE_STANDARD = gnu11;
				GCC_DYNAMIC_NO_PIC = NO;
				GCC_NO_COMMON_BLOCKS = YES;
				GCC_OPTIMIZATION_LEVEL = 0;
				GCC_PREPROCESSOR_DEFINITIONS = (
					"DEBUG=1",
					"$(inherited)",
				);
				GCC_WARN_64_TO_32_BIT_CONVERSION = YES;
				GCC_WARN_ABOUT_RETURN_TYPE = YES_ERROR;
				GCC_WARN_UNDECLARED_SELECTOR = YES;
				GCC_WARN_UNINITIALIZED_AUTOS = YES_AGGRESSIVE;
				GCC_WARN_UNUSED_FUNCTION = YES;
				GCC_WARN_UNUSED_VARIABLE = YES;
				IPHONEOS_DEPLOYMENT_TARGET = 15.0;
				MTL_ENABLE_DEBUG_INFO = INCLUDE_SOURCE;
				MTL_FAST_MATH = YES;
				ONLY_ACTIVE_ARCH = YES;
				SDKROOT = iphoneos;
				SWIFT_ACTIVE_COMPILATION_CONDITIONS = DEBUG;
				SWIFT_OPTIMIZATION_LEVEL = "-Onone";
			};
			name = Debug;
		};
		F6A431242719C5CD00895A68 /* Release */ = {
			isa = XCBuildConfiguration;
			buildSettings = {
				ALWAYS_SEARCH_USER_PATHS = NO;
				CLANG_ANALYZER_NONNULL = YES;
				CLANG_ANALYZER_NUMBER_OBJECT_CONVERSION = YES_AGGRESSIVE;
				CLANG_CXX_LANGUAGE_STANDARD = "gnu++17";
				CLANG_CXX_LIBRARY = "libc++";
				CLANG_ENABLE_MODULES = YES;
				CLANG_ENABLE_OBJC_ARC = YES;
				CLANG_ENABLE_OBJC_WEAK = YES;
				CLANG_WARN_BLOCK_CAPTURE_AUTORELEASING = YES;
				CLANG_WARN_BOOL_CONVERSION = YES;
				CLANG_WARN_COMMA = YES;
				CLANG_WARN_CONSTANT_CONVERSION = YES;
				CLANG_WARN_DEPRECATED_OBJC_IMPLEMENTATIONS = YES;
				CLANG_WARN_DIRECT_OBJC_ISA_USAGE = YES_ERROR;
				CLANG_WARN_DOCUMENTATION_COMMENTS = YES;
				CLANG_WARN_EMPTY_BODY = YES;
				CLANG_WARN_ENUM_CONVERSION = YES;
				CLANG_WARN_INFINITE_RECURSION = YES;
				CLANG_WARN_INT_CONVERSION = YES;
				CLANG_WARN_NON_LITERAL_NULL_CONVERSION = YES;
				CLANG_WARN_OBJC_IMPLICIT_RETAIN_SELF = YES;
				CLANG_WARN_OBJC_LITERAL_CONVERSION = YES;
				CLANG_WARN_OBJC_ROOT_CLASS = YES_ERROR;
				CLANG_WARN_QUOTED_INCLUDE_IN_FRAMEWORK_HEADER = YES;
				CLANG_WARN_RANGE_LOOP_ANALYSIS = YES;
				CLANG_WARN_STRICT_PROTOTYPES = YES;
				CLANG_WARN_SUSPICIOUS_MOVE = YES;
				CLANG_WARN_UNGUARDED_AVAILABILITY = YES_AGGRESSIVE;
				CLANG_WARN_UNREACHABLE_CODE = YES;
				CLANG_WARN__DUPLICATE_METHOD_MATCH = YES;
				COPY_PHASE_STRIP = NO;
				DEBUG_INFORMATION_FORMAT = "dwarf-with-dsym";
				ENABLE_NS_ASSERTIONS = NO;
				ENABLE_STRICT_OBJC_MSGSEND = YES;
				GCC_C_LANGUAGE_STANDARD = gnu11;
				GCC_NO_COMMON_BLOCKS = YES;
				GCC_WARN_64_TO_32_BIT_CONVERSION = YES;
				GCC_WARN_ABOUT_RETURN_TYPE = YES_ERROR;
				GCC_WARN_UNDECLARED_SELECTOR = YES;
				GCC_WARN_UNINITIALIZED_AUTOS = YES_AGGRESSIVE;
				GCC_WARN_UNUSED_FUNCTION = YES;
				GCC_WARN_UNUSED_VARIABLE = YES;
				IPHONEOS_DEPLOYMENT_TARGET = 15.0;
				MTL_ENABLE_DEBUG_INFO = NO;
				MTL_FAST_MATH = YES;
				SDKROOT = iphoneos;
				SWIFT_COMPILATION_MODE = wholemodule;
				SWIFT_OPTIMIZATION_LEVEL = "-O";
				VALIDATE_PRODUCT = YES;
			};
			name = Release;
		};
		F6A431262719C5CD00895A68 /* Debug */ = {
			isa = XCBuildConfiguration;
			buildSettings = {
				ASSETCATALOG_COMPILER_APPICON_NAME = AppIcon;
				ASSETCATALOG_COMPILER_GLOBAL_ACCENT_COLOR_NAME = AccentColor;
				CODE_SIGN_STYLE = Automatic;
				CURRENT_PROJECT_VERSION = 1;
				DEVELOPMENT_TEAM = RS46GZF8TU;
				GENERATE_INFOPLIST_FILE = YES;
				INFOPLIST_FILE = "seminar-homework-1/Info.plist";
				INFOPLIST_KEY_UIApplicationSupportsIndirectInputEvents = YES;
				INFOPLIST_KEY_UILaunchStoryboardName = LaunchScreen;
				INFOPLIST_KEY_UIMainStoryboardFile = Main;
				INFOPLIST_KEY_UISupportedInterfaceOrientations_iPad = "UIInterfaceOrientationPortrait UIInterfaceOrientationPortraitUpsideDown UIInterfaceOrientationLandscapeLeft UIInterfaceOrientationLandscapeRight";
				INFOPLIST_KEY_UISupportedInterfaceOrientations_iPhone = "UIInterfaceOrientationPortrait UIInterfaceOrientationLandscapeLeft UIInterfaceOrientationLandscapeRight";
				LD_RUNPATH_SEARCH_PATHS = (
					"$(inherited)",
					"@executable_path/Frameworks",
				);
				MARKETING_VERSION = 1.0;
				PRODUCT_BUNDLE_IDENTIFIER = "--------.seminar-homework-1";
				PRODUCT_NAME = "$(TARGET_NAME)";
				SWIFT_EMIT_LOC_STRINGS = YES;
				SWIFT_VERSION = 5.0;
				TARGETED_DEVICE_FAMILY = "1,2";
			};
			name = Debug;
		};
		F6A431272719C5CD00895A68 /* Release */ = {
			isa = XCBuildConfiguration;
			buildSettings = {
				ASSETCATALOG_COMPILER_APPICON_NAME = AppIcon;
				ASSETCATALOG_COMPILER_GLOBAL_ACCENT_COLOR_NAME = AccentColor;
				CODE_SIGN_STYLE = Automatic;
				CURRENT_PROJECT_VERSION = 1;
				DEVELOPMENT_TEAM = RS46GZF8TU;
				GENERATE_INFOPLIST_FILE = YES;
				INFOPLIST_FILE = "seminar-homework-1/Info.plist";
				INFOPLIST_KEY_UIApplicationSupportsIndirectInputEvents = YES;
				INFOPLIST_KEY_UILaunchStoryboardName = LaunchScreen;
				INFOPLIST_KEY_UIMainStoryboardFile = Main;
				INFOPLIST_KEY_UISupportedInterfaceOrientations_iPad = "UIInterfaceOrientationPortrait UIInterfaceOrientationPortraitUpsideDown UIInterfaceOrientationLandscapeLeft UIInterfaceOrientationLandscapeRight";
				INFOPLIST_KEY_UISupportedInterfaceOrientations_iPhone = "UIInterfaceOrientationPortrait UIInterfaceOrientationLandscapeLeft UIInterfaceOrientationLandscapeRight";
				LD_RUNPATH_SEARCH_PATHS = (
					"$(inherited)",
					"@executable_path/Frameworks",
				);
				MARKETING_VERSION = 1.0;
				PRODUCT_BUNDLE_IDENTIFIER = "--------.seminar-homework-1";
				PRODUCT_NAME = "$(TARGET_NAME)";
				SWIFT_EMIT_LOC_STRINGS = YES;
				SWIFT_VERSION = 5.0;
				TARGETED_DEVICE_FAMILY = "1,2";
			};
			name = Release;
		};
/* End XCBuildConfiguration section */

/* Begin XCConfigurationList section */
		F6A4310C2719C5CB00895A68 /* Build configuration list for PBXProject "seminar-homework-1" */ = {
			isa = XCConfigurationList;
			buildConfigurations = (
				F6A431232719C5CD00895A68 /* Debug */,
				F6A431242719C5CD00895A68 /* Release */,
			);
			defaultConfigurationIsVisible = 0;
			defaultConfigurationName = Release;
		};
		F6A431252719C5CD00895A68 /* Build configuration list for PBXNativeTarget "seminar-homework-1" */ = {
			isa = XCConfigurationList;
			buildConfigurations = (
				F6A431262719C5CD00895A68 /* Debug */,
				F6A431272719C5CD00895A68 /* Release */,
			);
			defaultConfigurationIsVisible = 0;
			defaultConfigurationName = Release;
		};
/* End XCConfigurationList section */
	};
	rootObject = F6A431092719C5CB00895A68 /* Project object */;
}
