// !$*UTF8*$!
{
	archiveVersion = 1;
	classes = {
	};
	objectVersion = 55;
	objects = {

/* Begin PBXBuildFile section */
		F6FD7FB2270DC76300B4A2D3 /* AppDelegate.swift in Sources */ = {isa = PBXBuildFile; fileRef = F6FD7FB1270DC76300B4A2D3 /* AppDelegate.swift */; };
		F6FD7FB4270DC76400B4A2D3 /* SceneDelegate.swift in Sources */ = {isa = PBXBuildFile; fileRef = F6FD7FB3270DC76400B4A2D3 /* SceneDelegate.swift */; };
		F6FD7FB6270DC76400B4A2D3 /* ViewController.swift in Sources */ = {isa = PBXBuildFile; fileRef = F6FD7FB5270DC76400B4A2D3 /* ViewController.swift */; };
		F6FD7FB9270DC76400B4A2D3 /* Main.storyboard in Resources */ = {isa = PBXBuildFile; fileRef = F6FD7FB7270DC76400B4A2D3 /* Main.storyboard */; };
		F6FD7FBB270DC76500B4A2D3 /* Assets.xcassets in Resources */ = {isa = PBXBuildFile; fileRef = F6FD7FBA270DC76500B4A2D3 /* Assets.xcassets */; };
		F6FD7FBE270DC76500B4A2D3 /* LaunchScreen.storyboard in Resources */ = {isa = PBXBuildFile; fileRef = F6FD7FBC270DC76500B4A2D3 /* LaunchScreen.storyboard */; };
		F6FD7FC6270DCC2200B4A2D3 /* FirstViewController.swift in Sources */ = {isa = PBXBuildFile; fileRef = F6FD7FC5270DCC2200B4A2D3 /* FirstViewController.swift */; };
		F6FD7FC8270DCC3B00B4A2D3 /* SecondViewController.swift in Sources */ = {isa = PBXBuildFile; fileRef = F6FD7FC7270DCC3B00B4A2D3 /* SecondViewController.swift */; };
		F6FD7FCA270DCD9800B4A2D3 /* ResultViewController.swift in Sources */ = {isa = PBXBuildFile; fileRef = F6FD7FC9270DCD9800B4A2D3 /* ResultViewController.swift */; };
/* End PBXBuildFile section */

/* Begin PBXFileReference section */
		F6FD7FAE270DC76300B4A2D3 /* seminar-homework-1.app */ = {isa = PBXFileReference; explicitFileType = wrapper.application; includeInIndex = 0; path = "seminar-homework-1.app"; sourceTree = BUILT_PRODUCTS_DIR; };
		F6FD7FB1270DC76300B4A2D3 /* AppDelegate.swift */ = {isa = PBXFileReference; lastKnownFileType = sourcecode.swift; path = AppDelegate.swift; sourceTree = "<group>"; };
		F6FD7FB3270DC76400B4A2D3 /* SceneDelegate.swift */ = {isa = PBXFileReference; lastKnownFileType = sourcecode.swift; path = SceneDelegate.swift; sourceTree = "<group>"; };
		F6FD7FB5270DC76400B4A2D3 /* ViewController.swift */ = {isa = PBXFileReference; lastKnownFileType = sourcecode.swift; path = ViewController.swift; sourceTree = "<group>"; };
		F6FD7FB8270DC76400B4A2D3 /* Base */ = {isa = PBXFileReference; lastKnownFileType = file.storyboard; name = Base; path = Base.lproj/Main.storyboard; sourceTree = "<group>"; };
		F6FD7FBA270DC76500B4A2D3 /* Assets.xcassets */ = {isa = PBXFileReference; lastKnownFileType = folder.assetcatalog; path = Assets.xcassets; sourceTree = "<group>"; };
		F6FD7FBD270DC76500B4A2D3 /* Base */ = {isa = PBXFileReference; lastKnownFileType = file.storyboard; name = Base; path = Base.lproj/LaunchScreen.storyboard; sourceTree = "<group>"; };
		F6FD7FBF270DC76500B4A2D3 /* Info.plist */ = {isa = PBXFileReference; lastKnownFileType = text.plist.xml; path = Info.plist; sourceTree = "<group>"; };
		F6FD7FC5270DCC2200B4A2D3 /* FirstViewController.swift */ = {isa = PBXFileReference; lastKnownFileType = sourcecode.swift; path = FirstViewController.swift; sourceTree = "<group>"; };
		F6FD7FC7270DCC3B00B4A2D3 /* SecondViewController.swift */ = {isa = PBXFileReference; lastKnownFileType = sourcecode.swift; path = SecondViewController.swift; sourceTree = "<group>"; };
		F6FD7FC9270DCD9800B4A2D3 /* ResultViewController.swift */ = {isa = PBXFileReference; lastKnownFileType = sourcecode.swift; path = ResultViewController.swift; sourceTree = "<group>"; };
/* End PBXFileReference section */

/* Begin PBXFrameworksBuildPhase section */
		F6FD7FAB270DC76300B4A2D3 /* Frameworks */ = {
			isa = PBXFrameworksBuildPhase;
			buildActionMask = 2147483647;
			files = (
			);
			runOnlyForDeploymentPostprocessing = 0;
		};
/* End PBXFrameworksBuildPhase section */

/* Begin PBXGroup section */
		F6FD7FA5270DC76300B4A2D3 = {
			isa = PBXGroup;
			children = (
				F6FD7FB0270DC76300B4A2D3 /* seminar-homework-1 */,
				F6FD7FAF270DC76300B4A2D3 /* Products */,
			);
			sourceTree = "<group>";
		};
		F6FD7FAF270DC76300B4A2D3 /* Products */ = {
			isa = PBXGroup;
			children = (
				F6FD7FAE270DC76300B4A2D3 /* seminar-homework-1.app */,
			);
			name = Products;
			sourceTree = "<group>";
		};
		F6FD7FB0270DC76300B4A2D3 /* seminar-homework-1 */ = {
			isa = PBXGroup;
			children = (
				F6FD7FB1270DC76300B4A2D3 /* AppDelegate.swift */,
				F6FD7FB3270DC76400B4A2D3 /* SceneDelegate.swift */,
				F6FD7FB5270DC76400B4A2D3 /* ViewController.swift */,
				F6FD7FB7270DC76400B4A2D3 /* Main.storyboard */,
				F6FD7FC9270DCD9800B4A2D3 /* ResultViewController.swift */,
				F6FD7FC7270DCC3B00B4A2D3 /* SecondViewController.swift */,
				F6FD7FC5270DCC2200B4A2D3 /* FirstViewController.swift */,
				F6FD7FBA270DC76500B4A2D3 /* Assets.xcassets */,
				F6FD7FBC270DC76500B4A2D3 /* LaunchScreen.storyboard */,
				F6FD7FBF270DC76500B4A2D3 /* Info.plist */,
			);
			path = "seminar-homework-1";
			sourceTree = "<group>";
		};
/* End PBXGroup section */

/* Begin PBXNativeTarget section */
		F6FD7FAD270DC76300B4A2D3 /* seminar-homework-1 */ = {
			isa = PBXNativeTarget;
			buildConfigurationList = F6FD7FC2270DC76500B4A2D3 /* Build configuration list for PBXNativeTarget "seminar-homework-1" */;
			buildPhases = (
				F6FD7FAA270DC76300B4A2D3 /* Sources */,
				F6FD7FAB270DC76300B4A2D3 /* Frameworks */,
				F6FD7FAC270DC76300B4A2D3 /* Resources */,
			);
			buildRules = (
			);
			dependencies = (
			);
			name = "seminar-homework-1";
			productName = "seminar-homework-1";
			productReference = F6FD7FAE270DC76300B4A2D3 /* seminar-homework-1.app */;
			productType = "com.apple.product-type.application";
		};
/* End PBXNativeTarget section */

/* Begin PBXProject section */
		F6FD7FA6270DC76300B4A2D3 /* Project object */ = {
			isa = PBXProject;
			attributes = {
				BuildIndependentTargetsInParallel = 1;
				LastSwiftUpdateCheck = 1300;
				LastUpgradeCheck = 1300;
				TargetAttributes = {
					F6FD7FAD270DC76300B4A2D3 = {
						CreatedOnToolsVersion = 13.0;
					};
				};
			};
			buildConfigurationList = F6FD7FA9270DC76300B4A2D3 /* Build configuration list for PBXProject "seminar-homework-1" */;
			compatibilityVersion = "Xcode 13.0";
			developmentRegion = en;
			hasScannedForEncodings = 0;
			knownRegions = (
				en,
				Base,
			);
			mainGroup = F6FD7FA5270DC76300B4A2D3;
			productRefGroup = F6FD7FAF270DC76300B4A2D3 /* Products */;
			projectDirPath = "";
			projectRoot = "";
			targets = (
				F6FD7FAD270DC76300B4A2D3 /* seminar-homework-1 */,
			);
		};
/* End PBXProject section */

/* Begin PBXResourcesBuildPhase section */
		F6FD7FAC270DC76300B4A2D3 /* Resources */ = {
			isa = PBXResourcesBuildPhase;
			buildActionMask = 2147483647;
			files = (
				F6FD7FBE270DC76500B4A2D3 /* LaunchScreen.storyboard in Resources */,
				F6FD7FBB270DC76500B4A2D3 /* Assets.xcassets in Resources */,
				F6FD7FB9270DC76400B4A2D3 /* Main.storyboard in Resources */,
			);
			runOnlyForDeploymentPostprocessing = 0;
		};
/* End PBXResourcesBuildPhase section */

/* Begin PBXSourcesBuildPhase section */
		F6FD7FAA270DC76300B4A2D3 /* Sources */ = {
			isa = PBXSourcesBuildPhase;
			buildActionMask = 2147483647;
			files = (
				F6FD7FB6270DC76400B4A2D3 /* ViewController.swift in Sources */,
				F6FD7FB2270DC76300B4A2D3 /* AppDelegate.swift in Sources */,
				F6FD7FB4270DC76400B4A2D3 /* SceneDelegate.swift in Sources */,
				F6FD7FC8270DCC3B00B4A2D3 /* SecondViewController.swift in Sources */,
				F6FD7FC6270DCC2200B4A2D3 /* FirstViewController.swift in Sources */,
				F6FD7FCA270DCD9800B4A2D3 /* ResultViewController.swift in Sources */,
			);
			runOnlyForDeploymentPostprocessing = 0;
		};
/* End PBXSourcesBuildPhase section */

/* Begin PBXVariantGroup section */
		F6FD7FB7270DC76400B4A2D3 /* Main.storyboard */ = {
			isa = PBXVariantGroup;
			children = (
				F6FD7FB8270DC76400B4A2D3 /* Base */,
			);
			name = Main.storyboard;
			sourceTree = "<group>";
		};
		F6FD7FBC270DC76500B4A2D3 /* LaunchScreen.storyboard */ = {
			isa = PBXVariantGroup;
			children = (
				F6FD7FBD270DC76500B4A2D3 /* Base */,
			);
			name = LaunchScreen.storyboard;
			sourceTree = "<group>";
		};
/* End PBXVariantGroup section */

/* Begin XCBuildConfiguration section */
		F6FD7FC0270DC76500B4A2D3 /* Debug */ = {
			isa = XCBuildConfiguration;
			buildSettings = {
				ALWAYS_SEARCH_USER_PATHS = NO;
				CLANG_ANALYZER_NONNULL = YES;
				CLANG_ANALYZER_NUMBER_OBJECT_CONVERSION = YES_AGGRESSIVE;
				CLANG_CXX_LANGUAGE_STANDARD = "gnu++17";
				CLANG_CXX_LIBRARY = "libc++";
				CLANG_ENABLE_MODULES = YES;
				CLANG_ENABLE_OBJC_ARC = YES;
				CLANG_ENABLE_OBJC_WEAK = YES;
				CLANG_WARN_BLOCK_CAPTURE_AUTORELEASING = YES;
				CLANG_WARN_BOOL_CONVERSION = YES;
				CLANG_WARN_COMMA = YES;
				CLANG_WARN_CONSTANT_CONVERSION = YES;
				CLANG_WARN_DEPRECATED_OBJC_IMPLEMENTATIONS = YES;
				CLANG_WARN_DIRECT_OBJC_ISA_USAGE = YES_ERROR;
				CLANG_WARN_DOCUMENTATION_COMMENTS = YES;
				CLANG_WARN_EMPTY_BODY = YES;
				CLANG_WARN_ENUM_CONVERSION = YES;
				CLANG_WARN_INFINITE_RECURSION = YES;
				CLANG_WARN_INT_CONVERSION = YES;
				CLANG_WARN_NON_LITERAL_NULL_CONVERSION = YES;
				CLANG_WARN_OBJC_IMPLICIT_RETAIN_SELF = YES;
				CLANG_WARN_OBJC_LITERAL_CONVERSION = YES;
				CLANG_WARN_OBJC_ROOT_CLASS = YES_ERROR;
				CLANG_WARN_QUOTED_INCLUDE_IN_FRAMEWORK_HEADER = YES;
				CLANG_WARN_RANGE_LOOP_ANALYSIS = YES;
				CLANG_WARN_STRICT_PROTOTYPES = YES;
				CLANG_WARN_SUSPICIOUS_MOVE = YES;
				CLANG_WARN_UNGUARDED_AVAILABILITY = YES_AGGRESSIVE;
				CLANG_WARN_UNREACHABLE_CODE = YES;
				CLANG_WARN__DUPLICATE_METHOD_MATCH = YES;
				COPY_PHASE_STRIP = NO;
				DEBUG_INFORMATION_FORMAT = dwarf;
				ENABLE_STRICT_OBJC_MSGSEND = YES;
				ENABLE_TESTABILITY = YES;
				GCC_C_LANGUAGE_STANDARD = gnu11;
				GCC_DYNAMIC_NO_PIC = NO;
				GCC_NO_COMMON_BLOCKS = YES;
				GCC_OPTIMIZATION_LEVEL = 0;
				GCC_PREPROCESSOR_DEFINITIONS = (
					"DEBUG=1",
					"$(inherited)",
				);
				GCC_WARN_64_TO_32_BIT_CONVERSION = YES;
				GCC_WARN_ABOUT_RETURN_TYPE = YES_ERROR;
				GCC_WARN_UNDECLARED_SELECTOR = YES;
				GCC_WARN_UNINITIALIZED_AUTOS = YES_AGGRESSIVE;
				GCC_WARN_UNUSED_FUNCTION = YES;
				GCC_WARN_UNUSED_VARIABLE = YES;
				IPHONEOS_DEPLOYMENT_TARGET = 15.0;
				MTL_ENABLE_DEBUG_INFO = INCLUDE_SOURCE;
				MTL_FAST_MATH = YES;
				ONLY_ACTIVE_ARCH = YES;
				SDKROOT = iphoneos;
				SWIFT_ACTIVE_COMPILATION_CONDITIONS = DEBUG;
				SWIFT_OPTIMIZATION_LEVEL = "-Onone";
			};
			name = Debug;
		};
		F6FD7FC1270DC76500B4A2D3 /* Release */ = {
			isa = XCBuildConfiguration;
			buildSettings = {
				ALWAYS_SEARCH_USER_PATHS = NO;
				CLANG_ANALYZER_NONNULL = YES;
				CLANG_ANALYZER_NUMBER_OBJECT_CONVERSION = YES_AGGRESSIVE;
				CLANG_CXX_LANGUAGE_STANDARD = "gnu++17";
				CLANG_CXX_LIBRARY = "libc++";
				CLANG_ENABLE_MODULES = YES;
				CLANG_ENABLE_OBJC_ARC = YES;
				CLANG_ENABLE_OBJC_WEAK = YES;
				CLANG_WARN_BLOCK_CAPTURE_AUTORELEASING = YES;
				CLANG_WARN_BOOL_CONVERSION = YES;
				CLANG_WARN_COMMA = YES;
				CLANG_WARN_CONSTANT_CONVERSION = YES;
				CLANG_WARN_DEPRECATED_OBJC_IMPLEMENTATIONS = YES;
				CLANG_WARN_DIRECT_OBJC_ISA_USAGE = YES_ERROR;
				CLANG_WARN_DOCUMENTATION_COMMENTS = YES;
				CLANG_WARN_EMPTY_BODY = YES;
				CLANG_WARN_ENUM_CONVERSION = YES;
				CLANG_WARN_INFINITE_RECURSION = YES;
				CLANG_WARN_INT_CONVERSION = YES;
				CLANG_WARN_NON_LITERAL_NULL_CONVERSION = YES;
				CLANG_WARN_OBJC_IMPLICIT_RETAIN_SELF = YES;
				CLANG_WARN_OBJC_LITERAL_CONVERSION = YES;
				CLANG_WARN_OBJC_ROOT_CLASS = YES_ERROR;
				CLANG_WARN_QUOTED_INCLUDE_IN_FRAMEWORK_HEADER = YES;
				CLANG_WARN_RANGE_LOOP_ANALYSIS = YES;
				CLANG_WARN_STRICT_PROTOTYPES = YES;
				CLANG_WARN_SUSPICIOUS_MOVE = YES;
				CLANG_WARN_UNGUARDED_AVAILABILITY = YES_AGGRESSIVE;
				CLANG_WARN_UNREACHABLE_CODE = YES;
				CLANG_WARN__DUPLICATE_METHOD_MATCH = YES;
				COPY_PHASE_STRIP = NO;
				DEBUG_INFORMATION_FORMAT = "dwarf-with-dsym";
				ENABLE_NS_ASSERTIONS = NO;
				ENABLE_STRICT_OBJC_MSGSEND = YES;
				GCC_C_LANGUAGE_STANDARD = gnu11;
				GCC_NO_COMMON_BLOCKS = YES;
				GCC_WARN_64_TO_32_BIT_CONVERSION = YES;
				GCC_WARN_ABOUT_RETURN_TYPE = YES_ERROR;
				GCC_WARN_UNDECLARED_SELECTOR = YES;
				GCC_WARN_UNINITIALIZED_AUTOS = YES_AGGRESSIVE;
				GCC_WARN_UNUSED_FUNCTION = YES;
				GCC_WARN_UNUSED_VARIABLE = YES;
				IPHONEOS_DEPLOYMENT_TARGET = 15.0;
				MTL_ENABLE_DEBUG_INFO = NO;
				MTL_FAST_MATH = YES;
				SDKROOT = iphoneos;
				SWIFT_COMPILATION_MODE = wholemodule;
				SWIFT_OPTIMIZATION_LEVEL = "-O";
				VALIDATE_PRODUCT = YES;
			};
			name = Release;
		};
		F6FD7FC3270DC76500B4A2D3 /* Debug */ = {
			isa = XCBuildConfiguration;
			buildSettings = {
				ASSETCATALOG_COMPILER_APPICON_NAME = AppIcon;
				ASSETCATALOG_COMPILER_GLOBAL_ACCENT_COLOR_NAME = AccentColor;
				CODE_SIGN_STYLE = Automatic;
				CURRENT_PROJECT_VERSION = 1;
				GENERATE_INFOPLIST_FILE = YES;
				INFOPLIST_FILE = "seminar-homework-1/Info.plist";
				INFOPLIST_KEY_UIApplicationSupportsIndirectInputEvents = YES;
				INFOPLIST_KEY_UILaunchStoryboardName = LaunchScreen;
				INFOPLIST_KEY_UIMainStoryboardFile = Main;
				INFOPLIST_KEY_UISupportedInterfaceOrientations_iPad = "UIInterfaceOrientationPortrait UIInterfaceOrientationPortraitUpsideDown UIInterfaceOrientationLandscapeLeft UIInterfaceOrientationLandscapeRight";
				INFOPLIST_KEY_UISupportedInterfaceOrientations_iPhone = "UIInterfaceOrientationPortrait UIInterfaceOrientationLandscapeLeft UIInterfaceOrientationLandscapeRight";
				LD_RUNPATH_SEARCH_PATHS = (
					"$(inherited)",
					"@executable_path/Frameworks",
				);
				MARKETING_VERSION = 1.0;
				PRODUCT_BUNDLE_IDENTIFIER = "--------.seminar-homework-1";
				PRODUCT_NAME = "$(TARGET_NAME)";
				SWIFT_EMIT_LOC_STRINGS = YES;
				SWIFT_VERSION = 5.0;
				TARGETED_DEVICE_FAMILY = "1,2";
			};
			name = Debug;
		};
		F6FD7FC4270DC76500B4A2D3 /* Release */ = {
			isa = XCBuildConfiguration;
			buildSettings = {
				ASSETCATALOG_COMPILER_APPICON_NAME = AppIcon;
				ASSETCATALOG_COMPILER_GLOBAL_ACCENT_COLOR_NAME = AccentColor;
				CODE_SIGN_STYLE = Automatic;
				CURRENT_PROJECT_VERSION = 1;
				GENERATE_INFOPLIST_FILE = YES;
				INFOPLIST_FILE = "seminar-homework-1/Info.plist";
				INFOPLIST_KEY_UIApplicationSupportsIndirectInputEvents = YES;
				INFOPLIST_KEY_UILaunchStoryboardName = LaunchScreen;
				INFOPLIST_KEY_UIMainStoryboardFile = Main;
				INFOPLIST_KEY_UISupportedInterfaceOrientations_iPad = "UIInterfaceOrientationPortrait UIInterfaceOrientationPortraitUpsideDown UIInterfaceOrientationLandscapeLeft UIInterfaceOrientationLandscapeRight";
				INFOPLIST_KEY_UISupportedInterfaceOrientations_iPhone = "UIInterfaceOrientationPortrait UIInterfaceOrientationLandscapeLeft UIInterfaceOrientationLandscapeRight";
				LD_RUNPATH_SEARCH_PATHS = (
					"$(inherited)",
					"@executable_path/Frameworks",
				);
				MARKETING_VERSION = 1.0;
				PRODUCT_BUNDLE_IDENTIFIER = "--------.seminar-homework-1";
				PRODUCT_NAME = "$(TARGET_NAME)";
				SWIFT_EMIT_LOC_STRINGS = YES;
				SWIFT_VERSION = 5.0;
				TARGETED_DEVICE_FAMILY = "1,2";
			};
			name = Release;
		};
/* End XCBuildConfiguration section */

/* Begin XCConfigurationList section */
		F6FD7FA9270DC76300B4A2D3 /* Build configuration list for PBXProject "seminar-homework-1" */ = {
			isa = XCConfigurationList;
			buildConfigurations = (
				F6FD7FC0270DC76500B4A2D3 /* Debug */,
				F6FD7FC1270DC76500B4A2D3 /* Release */,
			);
			defaultConfigurationIsVisible = 0;
			defaultConfigurationName = Release;
		};
		F6FD7FC2270DC76500B4A2D3 /* Build configuration list for PBXNativeTarget "seminar-homework-1" */ = {
			isa = XCConfigurationList;
			buildConfigurations = (
				F6FD7FC3270DC76500B4A2D3 /* Debug */,
				F6FD7FC4270DC76500B4A2D3 /* Release */,
			);
			defaultConfigurationIsVisible = 0;
			defaultConfigurationName = Release;
		};
/* End XCConfigurationList section */
	};
	rootObject = F6FD7FA6270DC76300B4A2D3 /* Project object */;
}
